
Microsoft Visual Studio Solution File, Format Version 12.00
# Visual Studio Version 17
VisualStudioVersion = 17.13.35931.197 d17.13
MinimumVisualStudioVersion = 10.0.40219.1
Project("{FAE04EC0-301F-11D3-BF4B-00C04F79EFBC}") = "Method4", "Method4\Method4.csproj", "{E1C4F2DE-61EA-41F8-8742-EBFD335E819C}"
EndProject
Global
	GlobalSection(SolutionConfigurationPlatforms) = preSolution
		Debug|Any CPU = Debug|Any CPU
		Release|Any CPU = Release|Any CPU
	EndGlobalSection
	GlobalSection(ProjectConfigurationPlatforms) = postSolution
		{E1C4F2DE-61EA-41F8-8742-EBFD335E819C}.Debug|Any CPU.ActiveCfg = Debug|Any CPU
		{E1C4F2DE-61EA-41F8-8742-EBFD335E819C}.Debug|Any CPU.Build.0 = Debug|Any CPU
		{E1C4F2DE-61EA-41F8-8742-EBFD335E819C}.Release|Any CPU.ActiveCfg = Release|Any CPU
		{E1C4F2DE-61EA-41F8-8742-EBFD335E819C}.Release|Any CPU.Build.0 = Release|Any CPU
	EndGlobalSection
	GlobalSection(SolutionProperties) = preSolution
		HideSolutionNode = FALSE
	EndGlobalSection
	GlobalSection(ExtensibilityGlobals) = postSolution
		SolutionGuid = {0ECCA11A-0B43-425B-96F3-ABF19BC99DF9}
	EndGlobalSection
EndGlobal
