
Microsoft Visual Studio Solution File, Format Version 12.00
# Visual Studio Version 17
VisualStudioVersion = 17.13.35931.197 d17.13
MinimumVisualStudioVersion = 10.0.40219.1
Project("{FAE04EC0-301F-11D3-BF4B-00C04F79EFBC}") = "calculater", "calculater\calculater.csproj", "{C84BB456-2F0C-4C09-91F1-4A81AE53E8D0}"
EndProject
Global
	GlobalSection(SolutionConfigurationPlatforms) = preSolution
		Debug|Any CPU = Debug|Any CPU
		Release|Any CPU = Release|Any CPU
	EndGlobalSection
	GlobalSection(ProjectConfigurationPlatforms) = postSolution
		{C84BB456-2F0C-4C09-91F1-4A81AE53E8D0}.Debug|Any CPU.ActiveCfg = Debug|Any CPU
		{C84BB456-2F0C-4C09-91F1-4A81AE53E8D0}.Debug|Any CPU.Build.0 = Debug|Any CPU
		{C84BB456-2F0C-4C09-91F1-4A81AE53E8D0}.Release|Any CPU.ActiveCfg = Release|Any CPU
		{C84BB456-2F0C-4C09-91F1-4A81AE53E8D0}.Release|Any CPU.Build.0 = Release|Any CPU
	EndGlobalSection
	GlobalSection(SolutionProperties) = preSolution
		HideSolutionNode = FALSE
	EndGlobalSection
	GlobalSection(ExtensibilityGlobals) = postSolution
		SolutionGuid = {18B198D1-AB33-4364-BC70-13DB47A5AAA2}
	EndGlobalSection
EndGlobal
