
Microsoft Visual Studio Solution File, Format Version 12.00
# Visual Studio Version 17
VisualStudioVersion = 17.13.35931.197 d17.13
MinimumVisualStudioVersion = 10.0.40219.1
Project("{FAE04EC0-301F-11D3-BF4B-00C04F79EFBC}") = "Method2", "Method2\Method2.csproj", "{C1FC9B43-25FC-4ECE-8AA4-E3BF38F7ED7A}"
EndProject
Global
	GlobalSection(SolutionConfigurationPlatforms) = preSolution
		Debug|Any CPU = Debug|Any CPU
		Release|Any CPU = Release|Any CPU
	EndGlobalSection
	GlobalSection(ProjectConfigurationPlatforms) = postSolution
		{C1FC9B43-25FC-4ECE-8AA4-E3BF38F7ED7A}.Debug|Any CPU.ActiveCfg = Debug|Any CPU
		{C1FC9B43-25FC-4ECE-8AA4-E3BF38F7ED7A}.Debug|Any CPU.Build.0 = Debug|Any CPU
		{C1FC9B43-25FC-4ECE-8AA4-E3BF38F7ED7A}.Release|Any CPU.ActiveCfg = Release|Any CPU
		{C1FC9B43-25FC-4ECE-8AA4-E3BF38F7ED7A}.Release|Any CPU.Build.0 = Release|Any CPU
	EndGlobalSection
	GlobalSection(SolutionProperties) = preSolution
		HideSolutionNode = FALSE
	EndGlobalSection
	GlobalSection(ExtensibilityGlobals) = postSolution
		SolutionGuid = {1C424FFC-3563-4ACC-BAAB-20199D033F19}
	EndGlobalSection
EndGlobal
